cloud.google.com/go v0.26.0/go.mod h1:aQUYkXzVsufM+DwF1aE+0xfcU+56JwCaLick0ClmMTw=
github.com/BurntSushi/toml v0.3.1/go.mod h1:xHWCNGjB5oqiDr8zfno3MHue2Ht5sIBksp03qcyfWMU=
github.com/Noofbiz/tmx v0.2.1-0.20190816183652-6c4716dc9ba2 h1:ozvKdcrMf9a0a0pwANqYPHDDPVX+pVjO0J3AA8W9jSc=
github.com/Noofbiz/tmx v0.2.1-0.20190816183652-6c4716dc9ba2/go.mod h1:gL6mQUTp1Vi9pq/gmCgyotzJ35lOQF2C2NKJrQtltAE=
github.com/chzyer/logex v1.1.10/go.mod h1:+Ywpsq7O8HXn0nuIou7OrIPyXbp3wmkHB+jjWRnGsAI=
github.com/chzyer/readline v0.0.0-20180603132655-2972be24d48e/go.mod h1:nSuG5e5PlCu98SY8svDHJxuZscDgtXS6KTTbou5AhLI=
github.com/chzyer/test v0.0.0-20180213035817-a1ea475d72b1/go.mod h1:Q3SI9o4m/ZMnBNeIyt5eFwwo7qiLfzFZmjNmxjkiQlU=
github.com/client9/misspell v0.3.4/go.mod h1:qj6jICC3Q7zFZvVWo7KLAzC3yx5G7kyvSDkc90ppPyw=
github.com/d4l3k/messagediff v1.2.2-0.20190829033028-7e0a312ae40b/go.mod h1:Oozbb1TVXFac9FtSIxHBMnBCq2qeH/2KkEQxENCrlLo=
github.com/davecgh/go-spew v1.1.1/go.mod h1:J7Y8YcW2NihsgmVo/mv3lAwl/skON4iLHjSsI+c5H38=
github.com/decomp/exp v0.0.0-20181210173419-052a5b074939/go.mod h1:Hp48C0zobGq39w1qgOD9yD8RPWyPoXAT/lVPKE9MvDo=
github.com/decomp/exp v0.0.0-20191013091305-48c35f156c85 h1:3AMzlP1cDH79eIaAzHPHF5OgMfXoIT3NvmHFfstShDs=
github.com/decomp/exp v0.0.0-20191013091305-48c35f156c85/go.mod h1:5a6nzPZVwGthmKYFE8veOda3sixyG/6qKmntylCtlgk=
github.com/faiface/beep v1.0.1/go.mod h1:1yLb5yRdHMsovYYWVqYLioXkVuziCSITW1oarTeduQM=
github.com/faiface/glhf v0.0.0-20181018222622-82a6317ac380/go.mod h1:zqnPFFIuYFFxl7uH2gYByJwIVKG7fRqlqQCbzAnHs9g=
github.com/faiface/mainthread v0.0.0-20171120011319-8b78f0a41ae3/go.mod h1:VEPNJUlxl5KdWjDvz6Q1l+rJlxF2i6xqDeGuGAxa87M=
github.com/faiface/pixel v0.8.0/go.mod h1:CEUU/s9E82Kqp01Boj1O67KnBskqiLghANqvUJGgDAM=
github.com/gdamore/encoding v1.0.0/go.mod h1:alR0ol34c49FCSBLjhosxzcPHQbf2trDkoo5dl+VrEg=
github.com/gdamore/tcell v1.1.1/go.mod h1:K1udHkiR3cOtlpKG5tZPD5XxrF7v2y7lDq7Whcj+xkQ=
github.com/go-gl/gl v0.0.0-20190320180904-bf2b1f2f34d7/go.mod h1:482civXOzJJCPzJ4ZOX/pwvXBWSnzD4OKMdH4ClKGbk=
github.com/go-gl/glfw v0.0.0-20190409004039-e6da0acd62b1/go.mod h1:vR7hzQXu2zJy9AVAgeJqvqgH9Q5CA+iKCZ2gyEVpxRU=
github.com/go-gl/mathgl v0.0.0-20190416160123-c4601bc793c7/go.mod h1:yhpkQzEiH9yPyxDUGzkmgScbaBVlhC06qodikEM0ZwQ=
github.com/go-stack/stack v1.8.0/go.mod h1:v0f6uXyyMGvRgIKkXu+yp6POWl0qKG85gN/melR3HDY=
github.com/golang/glog v0.0.0-20160126235308-23def4e6c14b/go.mod h1:SBH7ygxi8pfUlaOkMMuAQtPIUF8ecWP5IEl/CR7VP2Q=
github.com/golang/mock v1.1.1/go.mod h1:oTYuIxOrZwtPieC+H1uAHpcLFnEyAGVDL/k47Jfbm0A=
github.com/golang/protobuf v1.2.0/go.mod h1:6lQm79b+lXiMfvg/cZm0SGofjICqVBUtrP5yJMmIC1U=
github.com/golang/protobuf v1.3.2/go.mod h1:6lQm79b+lXiMfvg/cZm0SGofjICqVBUtrP5yJMmIC1U=
github.com/google/go-cmp v0.2.0/go.mod h1:oXzfMopK8JAjlY9xF4vHSVASa0yLyX7SntLO5aqRK0M=
github.com/gopherjs/gopherjs v0.0.0-20180628210949-0892b62f0d9f/go.mod h1:wJfORRmW1u3UXTncJ5qlYoELFm8eSnnEO6hX4iZ3EWY=
github.com/gopherjs/gopherjs v0.0.0-20180825215210-0210a2f0f73c/go.mod h1:wJfORRmW1u3UXTncJ5qlYoELFm8eSnnEO6hX4iZ3EWY=
github.com/gopherjs/gopherwasm v0.1.1/go.mod h1:kx4n9a+MzHH0BJJhvlsQ65hqLFXDO/m256AsaDPQ+/4=
github.com/gopherjs/gopherwasm v1.0.0/go.mod h1:SkZ8z7CWBz5VXbhJel8TxCmAcsQqzgWGR/8nMhyhZSI=
github.com/graphism/simple v0.0.0-20181114131118-4c2595ff451f/go.mod h1:bPEKOGr2+oC/PxMfqp780oDwWJ/4vO27ArkaABmclJ8=
github.com/graphism/simple v0.0.0-20181208150621-c42395dbfa50/go.mod h1:cox5q9v+f1rnFijpHx1qN0aS9dkJS4rFxCNHgcjBa8c=
github.com/hajimehoshi/go-mp3 v0.1.1/go.mod h1:4i+c5pDNKDrxl1iu9iG90/+fhP37lio6gNhjCx9WBJw=
github.com/hajimehoshi/oto v0.1.1/go.mod h1:hUiLWeBQnbDu4pZsAhOnGqMI1ZGibS6e2qhQdfpwz04=
github.com/hajimehoshi/oto v0.3.1/go.mod h1:e9eTLBB9iZto045HLbzfHJIc+jP3xaKrjZTghvb6fdM=
github.com/inconshreveable/log15 v0.0.0-20180818164646-67afb5ed74ec/go.mod h1:cOaXtrgN4ScfRrD9Bre7U1thNq5RtJ8ZoP4iXVGRj6o=
github.com/inspirer/textmapper v0.0.0-20181202234051-312f7a0d146c/go.mod h1:SpoIwXu07A3gguovN379QUCTHpUk1lhX2KIjVxpQOas=
github.com/jfreymuth/oggvorbis v1.0.0/go.mod h1:abe6F9QRjuU9l+2jek3gj46lu40N4qlYxh2grqkLEDM=
github.com/jfreymuth/vorbis v1.0.0/go.mod h1:8zy3lUAm9K/rJJk223RKy6vjCZTWC61NA2QD06bfOE0=
github.com/kr/pretty v0.1.0 h1:L/CwN0zerZDmRFUapSPitk6f+Q3+0za1rQkzVuMiMFI=
github.com/kr/pretty v0.1.0/go.mod h1:dAy3ld7l9f0ibDNOQOHHMYYIIbhfbHSm3C4ZsoJORNo=
github.com/kr/pty v1.1.1/go.mod h1:pFQYn66WHrOpPYNljwOMqo10TkYh1fy3cYio2l3bCsQ=
github.com/kr/text v0.1.0 h1:45sCR5RtlFHMR4UwH9sdQ5TC8v0qDQCHnXt+kaKSTVE=
github.com/kr/text v0.1.0/go.mod h1:4Jbv+DJW3UT/LiOwJeYQe1efqtUx/iVham/4vfdArNI=
github.com/llir/ll v0.0.0-20181207163918-0cfcde00de3f/go.mod h1:jPRfHdh8JEos8a05CSejK/nIKptCRRixCfhg0zngzpg=
github.com/llir/ll v0.0.0-20190401085702-9e8d1b0d1612/go.mod h1:8W5HJz80PitAyPZUpOcljQxTu6LD5YKW1URTo+OjVoc=
github.com/llir/llvm v0.3.0-pre4/go.mod h1:5oQbQPEpQQem6CujHgRhfvDzTpCW5iinW3s+W33dG3w=
github.com/llir/llvm v0.3.0-pre7.0.20190702100948-293cf9ae11e2/go.mod h1:f82xl2Z6BY+9QxDjzF9+kg9ywwGCxH5+TkTylbl6+rA=
github.com/lucasb-eyer/go-colorful v0.0.0-20181028223441-12d3b2882a08/go.mod h1:NXg0ArsFk0Y01623LgUqoqcouGDB+PwCCQlrwrG6xJ4=
github.com/mattn/go-colorable v0.1.4/go.mod h1:U0ppj6V5qS13XJ6of8GYAs25YV2eR4EVcfRqFIhoBtE=
github.com/mattn/go-isatty v0.0.8/go.mod h1:Iq45c/XA43vh69/j3iqttzPXn0bhXyGjM0Hdxcsrc5s=
github.com/mattn/go-isatty v0.0.9/go.mod h1:YNRxwqDuOph6SZLI9vUUz6OYw3QyUt7WiY2yME+cCiQ=
github.com/mattn/go-runewidth v0.0.4/go.mod h1:LwmH8dsx7+W8Uxz3IHJYH5QSwggIsqBzpuz5H//U1FU=
github.com/mewkiz/flac v1.0.5/go.mod h1:EHZNU32dMF6alpurYyKHDLYpW1lYpBZ5WrXi/VuNIGs=
github.com/mewkiz/pkg v0.0.0-20181119122551-9729f4f4ff2b/go.mod h1:bhmdGJSMX5WCIBFmk27tBnUvBJm5WxXmarBV41qvbNI=
github.com/mewkiz/pkg v0.0.0-20181231041609-5720a0c5985d/go.mod h1:bhmdGJSMX5WCIBFmk27tBnUvBJm5WxXmarBV41qvbNI=
github.com/mewkiz/pkg v0.0.0-20190317153131-e8616647c365/go.mod h1:NefHmmDOyP6U1WiFFk+jFR3YdHoTeueo8nOZ6i1vZbA=
github.com/mewkiz/pkg v0.0.0-20190824101051-5e26a908f2d2/go.mod h1:NefHmmDOyP6U1WiFFk+jFR3YdHoTeueo8nOZ6i1vZbA=
github.com/mewkiz/pkg v0.0.0-20190919212034-518ade7978e2 h1:EyTNMdePWaoWsRSGQnXiSoQu0r6RS1eA557AwJhlzHU=
github.com/mewkiz/pkg v0.0.0-20190919212034-518ade7978e2/go.mod h1:3E2FUC/qYUfM8+r9zAwpeHJzqRVVMIYnpzD/clwWxyA=
github.com/mewmew/float v0.0.0-20181121163145-c0f786d7da73/go.mod h1:obQBs6O+vjhgOZLkGdALxItKw4xrI49lSBEnAMO6lWI=
github.com/mewrev/pe v0.0.0-20181024063030-8f6d1d7d219c/go.mod h1:j2bWMf/wUNeLV/IHgoCdLiulUruBpCmuP6wGmhQxZOA=
github.com/mewrnd/blizzconv v0.0.0-20191109060643-b497f47d5a2f h1:OQFESjboafHi7J3IuNnrfXjzMnYxyuYkRCik3RF1JxU=
github.com/mewrnd/blizzconv v0.0.0-20191109060643-b497f47d5a2f/go.mod h1:kqQEdB90rRAjiUnzI/rgZfNjGIOvvb+acxbQUqZE/bE=
github.com/mewspring/tools v0.0.0-20181204020634-6c6637dc82b6/go.mod h1:UAdVbSksr+7Bg+z4mga16OaBg3qAcgdaF3x3AeqJHEs=
github.com/mewspring/tools v0.0.0-20190326052302-906fcc68b3d8/go.mod h1:UAdVbSksr+7Bg+z4mga16OaBg3qAcgdaF3x3AeqJHEs=
github.com/pkg/errors v0.8.0/go.mod h1:bwawxfHBFNV+L2hUp1rHADufV3IMtnDRdf1r5NINEl0=
github.com/pkg/errors v0.8.1 h1:iURUrRGxPUNPdy5/HRSm+Yj6okJ6UtLINN0Q9M4+h3I=
github.com/pkg/errors v0.8.1/go.mod h1:bwawxfHBFNV+L2hUp1rHADufV3IMtnDRdf1r5NINEl0=
github.com/pmezard/go-difflib v1.0.0/go.mod h1:iKH77koFhYxTK1pcRnkKkqfTogsbg7gZNVY4sRDYZ/4=
github.com/sanctuary/djavul v0.0.0-20191013230622-78bb24fe19b6 h1:S3ecAa1I4r+uS4omK94giZMXluHPpoOVE0d6R17kaGI=
github.com/sanctuary/djavul v0.0.0-20191013230622-78bb24fe19b6/go.mod h1:ZmqqLVizXX1GVGvLAT/BPFseoDU1O5kWgY5RDOkJIq4=
github.com/sanctuary/formats v0.0.0-20190111201442-38e89599af2a/go.mod h1:706XH9lE/rlE1G491hCSHvu6bEUzagh2anTLpCIPcxU=
github.com/sanctuary/formats v0.0.0-20191019005449-64ff915982e0 h1:z/6hQHhiNju8F7vO49PBKTwlLG7RSBN2/ZJhMDaEI1M=
github.com/sanctuary/formats v0.0.0-20191019005449-64ff915982e0/go.mod h1:1s3fqGcu4FHB8WjHeMX6sGwCRAB41lqXFG/LxHDK0rw=
github.com/sanctuary/mpq v0.0.0-20190709072604-c5c1c5c9f89c h1:LRIaWwQd4wM9NU3yR0VywJH3AN5ttgk+6JQqi3qHZi0=
github.com/sanctuary/mpq v0.0.0-20190709072604-c5c1c5c9f89c/go.mod h1:ZppEccztDLl66tn+Meb87+kfYTwhKAXR2drSiXSq2ek=
github.com/sergi/go-diff v1.0.0/go.mod h1:0CfEIISq7TuYL3j771MWULgwwjU+GofnZX9QAmXWZgo=
github.com/stretchr/testify v1.2.2/go.mod h1:a8OnRcib4nhh0OaRAV+Yts87kKdq0PP7pXfy6kDkUVs=
github.com/unixpickle/mips32 v0.0.0-20160406235431-dee2e89bbdfd/go.mod h1:jmEsnsOyrP4DutSFFJ8N2b5giu/0RUi0ILKoeMUbWPk=
go.starlark.net v0.0.0-20190108150612-a421451f00df/go.mod h1:c1/X6cHgvdXj6pUlmWKMkuqRnW4K8x2vwt6JAaaircg=
golang.org/x/arch v0.0.0-20181203225421-5a4828bb7045/go.mod h1:cYlCBUl1MsqxdiKgmc4uh7TxZfWSFLOGSRR090WDxt8=
golang.org/x/crypto v0.0.0-20190308221718-c2843e01d9a2/go.mod h1:djNgcEr1/C05ACkg1iLfiJU5Ep61QUkGW8qpdssI0+w=
golang.org/x/exp v0.0.0-20180321215751-8460e604b9de/go.mod h1:CJ0aWSM057203Lf6IL+f9T1iT9GByDxfZKAQTCR3kQA=
golang.org/x/exp v0.0.0-20180710024300-14dda7b62fcd/go.mod h1:CJ0aWSM057203Lf6IL+f9T1iT9GByDxfZKAQTCR3kQA=
golang.org/x/exp v0.0.0-20181206211736-68cc7b1f272e/go.mod h1:CJ0aWSM057203Lf6IL+f9T1iT9GByDxfZKAQTCR3kQA=
golang.org/x/exp v0.0.0-20190121172915-509febef88a4/go.mod h1:CJ0aWSM057203Lf6IL+f9T1iT9GByDxfZKAQTCR3kQA=
golang.org/x/image v0.0.0-20180708004352-c73c2afc3b81/go.mod h1:ux5Hcp/YLpHSI86hEcLt0YII63i6oz57MZXIpbrjZUs=
golang.org/x/image v0.0.0-20181116024801-cd38e8056d9b/go.mod h1:ux5Hcp/YLpHSI86hEcLt0YII63i6oz57MZXIpbrjZUs=
golang.org/x/image v0.0.0-20190220214146-31aff87c08e9/go.mod h1:kZ7UVZpmo3dzQBMxlp+ypCbDeSB+sBbTgSJuh5dn5js=
golang.org/x/image v0.0.0-20190321063152-3fc05d484e9f h1:FO4MZ3N56GnxbqxGKqh+YTzUWQ2sDwtFQEZgLOxh9Jc=
golang.org/x/image v0.0.0-20190321063152-3fc05d484e9f/go.mod h1:kZ7UVZpmo3dzQBMxlp+ypCbDeSB+sBbTgSJuh5dn5js=
golang.org/x/lint v0.0.0-20181026193005-c67002cb31c3/go.mod h1:UVdnD1Gm6xHRNCYTkRU2/jEulfH38KcIWyp/GAMgvoE=
golang.org/x/lint v0.0.0-20190227174305-5b3e6a55c961/go.mod h1:wehouNa3lNwaWXcvxsM5YxQ5yQlVC4a0KAMCusXpPoU=
golang.org/x/lint v0.0.0-20190313153728-d0100b6bd8b3/go.mod h1:6SW0HCj/g11FgYtHlgUYUwCkIfeOF89ocIRzGO/8vkc=
golang.org/x/mobile v0.0.0-20180806140643-507816974b79/go.mod h1:z+o9i4GpDbdi3rU15maQ/Ox0txvL9dWGYEHz965HBQE=
golang.org/x/net v0.0.0-20180724234803-3673e40ba225/go.mod h1:mL1N/T3taQHkDXs73rZJwtUhF3w3ftmwwsq0BUmARs4=
golang.org/x/net v0.0.0-20180826012351-8a410e7b638d/go.mod h1:mL1N/T3taQHkDXs73rZJwtUhF3w3ftmwwsq0BUmARs4=
golang.org/x/net v0.0.0-20190213061140-3a22650c66bd/go.mod h1:mL1N/T3taQHkDXs73rZJwtUhF3w3ftmwwsq0BUmARs4=
golang.org/x/net v0.0.0-20190311183353-d8887717615a/go.mod h1:t9HGtf8HONx5eT2rtn7q6eTqICYqUVnKs3thJo3Qplg=
golang.org/x/net v0.0.0-20190628185345-da137c7871d7/go.mod h1:z5CRVTTTmAJ677TzLLGU+0bjPO0LkuOLi4/5GtJWs/s=
golang.org/x/oauth2 v0.0.0-20180821212333-d2e6202438be/go.mod h1:N/0e6XlmueqKjAGxoOufVs8QHGRruUQn6yWY3a++T0U=
golang.org/x/sync v0.0.0-20180314180146-1d60e4601c6f/go.mod h1:RxMgew5VJxzue5/jJTE5uejpjVlOe/izrB70Jof72aM=
golang.org/x/sync v0.0.0-20181108010431-42b317875d0f/go.mod h1:RxMgew5VJxzue5/jJTE5uejpjVlOe/izrB70Jof72aM=
golang.org/x/sync v0.0.0-20190423024810-112230192c58/go.mod h1:RxMgew5VJxzue5/jJTE5uejpjVlOe/izrB70Jof72aM=
golang.org/x/sys v0.0.0-20180830151530-49385e6e1522/go.mod h1:STP8DvDyc/dI5b8T5hshtkjS+E42TnysNCUPdjciGhY=
golang.org/x/sys v0.0.0-20181228144115-9a3f9b0469bb/go.mod h1:STP8DvDyc/dI5b8T5hshtkjS+E42TnysNCUPdjciGhY=
golang.org/x/sys v0.0.0-20190215142949-d0b11bdaac8a/go.mod h1:STP8DvDyc/dI5b8T5hshtkjS+E42TnysNCUPdjciGhY=
golang.org/x/sys v0.0.0-20190222072716-a9d3bda3a223/go.mod h1:STP8DvDyc/dI5b8T5hshtkjS+E42TnysNCUPdjciGhY=
golang.org/x/sys v0.0.0-20190813064441-fde4db37ae7a/go.mod h1:h1NjWce9XRLGQEsW7wpKNCjG9DtNlClVuFLEZdDNbEs=
golang.org/x/text v0.3.0/go.mod h1:NqM8EUOU14njkJ3fqMW+pc6Ldnwhi/IjpwHt7yyuwOQ=
golang.org/x/text v0.3.2/go.mod h1:bEr9sfX3Q8Zfm5fL9x+3itogRgK3+ptLWKqgva+5dAk=
golang.org/x/tools v0.0.0-20180525024113-a5b4c53f6e8b/go.mod h1:n7NCudcB/nEzxVGmLbDWY5pfWTLqBcC2KZ6jyYvM4mQ=
golang.org/x/tools v0.0.0-20180917221912-90fa682c2a6e/go.mod h1:n7NCudcB/nEzxVGmLbDWY5pfWTLqBcC2KZ6jyYvM4mQ=
golang.org/x/tools v0.0.0-20181206194817-bcd4e47d0288/go.mod h1:n7NCudcB/nEzxVGmLbDWY5pfWTLqBcC2KZ6jyYvM4mQ=
golang.org/x/tools v0.0.0-20181207222222-4c874b978acb/go.mod h1:n7NCudcB/nEzxVGmLbDWY5pfWTLqBcC2KZ6jyYvM4mQ=
golang.org/x/tools v0.0.0-20190114222345-bf090417da8b/go.mod h1:n7NCudcB/nEzxVGmLbDWY5pfWTLqBcC2KZ6jyYvM4mQ=
golang.org/x/tools v0.0.0-20190226205152-f727befe758c/go.mod h1:9Yl7xja0Znq3iFh3HoIrodX9oNMXvdceNzlUR8zjMvY=
golang.org/x/tools v0.0.0-20190311212946-11955173bddd/go.mod h1:LCzVGOaR6xXOjkQ3onu1FJEFr0SW1gC7cKk1uF8kGRs=
golang.org/x/tools v0.0.0-20190330180304-aef51cc3777c/go.mod h1:LCzVGOaR6xXOjkQ3onu1FJEFr0SW1gC7cKk1uF8kGRs=
golang.org/x/tools v0.0.0-20190524140312-2c0ae7006135/go.mod h1:RgjU9mgBXZiqYHBnxXauZ1Gv1EHHAz9KjViQ78xBX0Q=
gonum.org/v1/gonum v0.0.0-20181208091643-b71a28080e0f/go.mod h1:Y+Yx5eoAFn32cQvJDxZx5Dpnq+c3wtXuadVZAcxbbBo=
gonum.org/v1/gonum v0.0.0-20181210083604-572d9101fe4f/go.mod h1:Y+Yx5eoAFn32cQvJDxZx5Dpnq+c3wtXuadVZAcxbbBo=
gonum.org/v1/netlib v0.0.0-20181029234149-ec6d1f5cefe6/go.mod h1:wa6Ws7BG/ESfp6dHfk7C6KdzKA7wR7u/rKwOGE66zvw=
google.golang.org/appengine v1.1.0/go.mod h1:EbEs0AVv82hx2wNQdGPgUI5lhzA/G0D9YwlJXL52JkM=
google.golang.org/appengine v1.4.0/go.mod h1:xpcJRLb0r/rnEns0DIKYYv+WjYCduHsrkT7/EB5XEv4=
google.golang.org/genproto v0.0.0-20180817151627-c66870c02cf8/go.mod h1:JiN7NxoALGmiZfu7CAH4rXhgtRTLTxftemlI0sWmxmc=
google.golang.org/genproto v0.0.0-20190716160619-c506a9f90610/go.mod h1:DMBHOl98Agz4BDEuKkezgsaosCRResVns1a3J2ZsMNc=
google.golang.org/grpc v1.19.0/go.mod h1:mqu4LbDTu4XGKhr4mRzUsmM4RtVoemTSY81AxZiDr8c=
google.golang.org/grpc v1.23.0/go.mod h1:Y5yQAOtifL1yxbo5wqy6BxZv8vAUGQwXBOALyacEbxg=
gopkg.in/DATA-DOG/go-sqlmock.v1 v1.3.0/go.mod h1:OdE7CF6DbADk7lN8LIKRzRJTTZXIjtWgA5THM5lhBAw=
honnef.co/go/tools v0.0.0-20190102054323-c2f93a96b099/go.mod h1:rf3lG4BRIbNafJWhAfAdb/ePZxsR/4RtNHQocxwk9r4=
honnef.co/go/tools v0.0.0-20190523083050-ea95bdfd59fc/go.mod h1:rf3lG4BRIbNafJWhAfAdb/ePZxsR/4RtNHQocxwk9r4=
rsc.io/pdf v0.1.1/go.mod h1:n8OzWcQ6Sp37PL01nO98y4iUCRdTGarVfzxY20ICaU4=
